
Microsoft Visual Studio Solution File, Format Version 12.00
# Visual Studio Version 17
VisualStudioVersion = 17.11.35327.3
MinimumVisualStudioVersion = 10.0.40219.1
Project("{FAE04EC0-301F-11D3-BF4B-00C04F79EFBC}") = "chess-club", "chess-club\chess-club.csproj", "{0BF28C15-E013-4854-942D-6FD5AF41C854}"
EndProject
Global
	GlobalSection(SolutionConfigurationPlatforms) = preSolution
		Debug|Any CPU = Debug|Any CPU
		Release|Any CPU = Release|Any CPU
	EndGlobalSection
	GlobalSection(ProjectConfigurationPlatforms) = postSolution
		{0BF28C15-E013-4854-942D-6FD5AF41C854}.Debug|Any CPU.ActiveCfg = Debug|Any CPU
		{0BF28C15-E013-4854-942D-6FD5AF41C854}.Debug|Any CPU.Build.0 = Debug|Any CPU
		{0BF28C15-E013-4854-942D-6FD5AF41C854}.Release|Any CPU.ActiveCfg = Release|Any CPU
		{0BF28C15-E013-4854-942D-6FD5AF41C854}.Release|Any CPU.Build.0 = Release|Any CPU
	EndGlobalSection
	GlobalSection(SolutionProperties) = preSolution
		HideSolutionNode = FALSE
	EndGlobalSection
	GlobalSection(ExtensibilityGlobals) = postSolution
		SolutionGuid = {42911F63-F023-4988-8525-3D7F57C77E10}
	EndGlobalSection
EndGlobal
